
Microsoft Visual Studio Solution File, Format Version 12.00
# Visual Studio Version 16
VisualStudioVersion = 16.0.30804.86
MinimumVisualStudioVersion = 10.0.40219.1
Project("{FAE04EC0-301F-11D3-BF4B-00C04F79EFBC}") = "Forme", "Forme\Forme.csproj", "{FC1F3AD5-38DA-4DE3-8CF1-3545AC1F25E1}"
EndProject
Project("{FAE04EC0-301F-11D3-BF4B-00C04F79EFBC}") = "Domain", "Domain\Domain.csproj", "{3AC774AC-D564-47B4-A704-078A188CDA70}"
EndProject
Project("{FAE04EC0-301F-11D3-BF4B-00C04F79EFBC}") = "ControllerClass", "Controller\ControllerClass.csproj", "{C2EED1A1-9293-4AD7-9447-13F3B0EA16B4}"
EndProject
Project("{FAE04EC0-301F-11D3-BF4B-00C04F79EFBC}") = "BrokerClass", "BrokerClass\BrokerClass.csproj", "{A8CF33FB-A86C-4B93-AEF0-8644DDBD8DD0}"
EndProject
Project("{FAE04EC0-301F-11D3-BF4B-00C04F79EFBC}") = "Repositories", "Storage\Repositories.csproj", "{6CA5B48C-5D49-4C42-80BE-9A752D242899}"
EndProject
Project("{FAE04EC0-301F-11D3-BF4B-00C04F79EFBC}") = "Server", "Server\Server.csproj", "{3861E412-7A50-4954-84A8-8A69A168014C}"
EndProject
Project("{FAE04EC0-301F-11D3-BF4B-00C04F79EFBC}") = "Common", "Common\Common.csproj", "{24FFD7C7-8826-420E-9989-4F8506FAB7AA}"
EndProject
Global
	GlobalSection(SolutionConfigurationPlatforms) = preSolution
		Debug|Any CPU = Debug|Any CPU
		Release|Any CPU = Release|Any CPU
	EndGlobalSection
	GlobalSection(ProjectConfigurationPlatforms) = postSolution
		{FC1F3AD5-38DA-4DE3-8CF1-3545AC1F25E1}.Debug|Any CPU.ActiveCfg = Debug|Any CPU
		{FC1F3AD5-38DA-4DE3-8CF1-3545AC1F25E1}.Debug|Any CPU.Build.0 = Debug|Any CPU
		{FC1F3AD5-38DA-4DE3-8CF1-3545AC1F25E1}.Release|Any CPU.ActiveCfg = Release|Any CPU
		{FC1F3AD5-38DA-4DE3-8CF1-3545AC1F25E1}.Release|Any CPU.Build.0 = Release|Any CPU
		{3AC774AC-D564-47B4-A704-078A188CDA70}.Debug|Any CPU.ActiveCfg = Debug|Any CPU
		{3AC774AC-D564-47B4-A704-078A188CDA70}.Debug|Any CPU.Build.0 = Debug|Any CPU
		{3AC774AC-D564-47B4-A704-078A188CDA70}.Release|Any CPU.ActiveCfg = Release|Any CPU
		{3AC774AC-D564-47B4-A704-078A188CDA70}.Release|Any CPU.Build.0 = Release|Any CPU
		{C2EED1A1-9293-4AD7-9447-13F3B0EA16B4}.Debug|Any CPU.ActiveCfg = Debug|Any CPU
		{C2EED1A1-9293-4AD7-9447-13F3B0EA16B4}.Debug|Any CPU.Build.0 = Debug|Any CPU
		{C2EED1A1-9293-4AD7-9447-13F3B0EA16B4}.Release|Any CPU.ActiveCfg = Release|Any CPU
		{C2EED1A1-9293-4AD7-9447-13F3B0EA16B4}.Release|Any CPU.Build.0 = Release|Any CPU
		{A8CF33FB-A86C-4B93-AEF0-8644DDBD8DD0}.Debug|Any CPU.ActiveCfg = Debug|Any CPU
		{A8CF33FB-A86C-4B93-AEF0-8644DDBD8DD0}.Debug|Any CPU.Build.0 = Debug|Any CPU
		{A8CF33FB-A86C-4B93-AEF0-8644DDBD8DD0}.Release|Any CPU.ActiveCfg = Release|Any CPU
		{A8CF33FB-A86C-4B93-AEF0-8644DDBD8DD0}.Release|Any CPU.Build.0 = Release|Any CPU
		{6CA5B48C-5D49-4C42-80BE-9A752D242899}.Debug|Any CPU.ActiveCfg = Debug|Any CPU
		{6CA5B48C-5D49-4C42-80BE-9A752D242899}.Debug|Any CPU.Build.0 = Debug|Any CPU
		{6CA5B48C-5D49-4C42-80BE-9A752D242899}.Release|Any CPU.ActiveCfg = Release|Any CPU
		{6CA5B48C-5D49-4C42-80BE-9A752D242899}.Release|Any CPU.Build.0 = Release|Any CPU
		{3861E412-7A50-4954-84A8-8A69A168014C}.Debug|Any CPU.ActiveCfg = Debug|Any CPU
		{3861E412-7A50-4954-84A8-8A69A168014C}.Debug|Any CPU.Build.0 = Debug|Any CPU
		{3861E412-7A50-4954-84A8-8A69A168014C}.Release|Any CPU.ActiveCfg = Release|Any CPU
		{3861E412-7A50-4954-84A8-8A69A168014C}.Release|Any CPU.Build.0 = Release|Any CPU
		{24FFD7C7-8826-420E-9989-4F8506FAB7AA}.Debug|Any CPU.ActiveCfg = Debug|Any CPU
		{24FFD7C7-8826-420E-9989-4F8506FAB7AA}.Debug|Any CPU.Build.0 = Debug|Any CPU
		{24FFD7C7-8826-420E-9989-4F8506FAB7AA}.Release|Any CPU.ActiveCfg = Release|Any CPU
		{24FFD7C7-8826-420E-9989-4F8506FAB7AA}.Release|Any CPU.Build.0 = Release|Any CPU
	EndGlobalSection
	GlobalSection(SolutionProperties) = preSolution
		HideSolutionNode = FALSE
	EndGlobalSection
	GlobalSection(ExtensibilityGlobals) = postSolution
		SolutionGuid = {92FB9921-6751-41A2-A493-422BF26A6AC3}
	EndGlobalSection
EndGlobal
